{
  "name": "fuck-the-suits",
  "version": "0.0.1",
  "lockfileVersion": 1,
  "requires": true,
  "dependencies": {
    "svelte": {
      "version": "3.32.1",
      "resolved": "https://registry.npmjs.org/svelte/-/svelte-3.32.1.tgz",
      "integrity": "sha512-j1KmD2ZOU0RGq1/STDXjwfh0/eJ/Deh2NXyuz1bpR9eOcz9yImn4CGxXdbSAN7cMTm9a7IyPUIbuBCzu/pXK0g=="
    },
    "svelte-fusioncharts": {
      "version": "1.0.0",
      "resolved": "https://registry.npmjs.org/svelte-fusioncharts/-/svelte-fusioncharts-1.0.0.tgz",
      "integrity": "sha512-OZk9thwMBHts7TVVIcTT8l9oEgzy6ppXLOtdf7gazobefddW3a0IXqe4mbBDWqLqxXBDyAePmRafZnu8Pc3rng=="
    }
  }
}
